// !$*UTF8*$!
{
	archiveVersion = 1;
	classes = {
	};
	objectVersion = 55;
	objects = {

/* Begin PBXBuildFile section */
		94122004273B85F600FB6181 /* AppDelegate.swift in Sources */ = {isa = PBXBuildFile; fileRef = 94122003273B85F600FB6181 /* AppDelegate.swift */; };
		94122006273B85F600FB6181 /* SceneDelegate.swift in Sources */ = {isa = PBXBuildFile; fileRef = 94122005273B85F600FB6181 /* SceneDelegate.swift */; };
		94122008273B85F600FB6181 /* ViewController.swift in Sources */ = {isa = PBXBuildFile; fileRef = 94122007273B85F600FB6181 /* ViewController.swift */; };
		9412200B273B85F600FB6181 /* Main.storyboard in Resources */ = {isa = PBXBuildFile; fileRef = 94122009273B85F600FB6181 /* Main.storyboard */; };
		9412200D273B85F800FB6181 /* Assets.xcassets in Resources */ = {isa = PBXBuildFile; fileRef = 9412200C273B85F800FB6181 /* Assets.xcassets */; };
		94122010273B85F800FB6181 /* LaunchScreen.storyboard in Resources */ = {isa = PBXBuildFile; fileRef = 9412200E273B85F800FB6181 /* LaunchScreen.storyboard */; };
		9412201B273B85F800FB6181 /* MovieDBTests.swift in Sources */ = {isa = PBXBuildFile; fileRef = 9412201A273B85F800FB6181 /* MovieDBTests.swift */; };
		94122025273B85F800FB6181 /* MovieDBUITests.swift in Sources */ = {isa = PBXBuildFile; fileRef = 94122024273B85F800FB6181 /* MovieDBUITests.swift */; };
		94122027273B85F800FB6181 /* MovieDBUITestsLaunchTests.swift in Sources */ = {isa = PBXBuildFile; fileRef = 94122026273B85F800FB6181 /* MovieDBUITestsLaunchTests.swift */; };
		94122036273B871300FB6181 /* AppError.swift in Sources */ = {isa = PBXBuildFile; fileRef = 94122035273B871300FB6181 /* AppError.swift */; };
		94122038273B87B300FB6181 /* NetworkHelper.swift in Sources */ = {isa = PBXBuildFile; fileRef = 94122037273B87B300FB6181 /* NetworkHelper.swift */; };
		9412203B273B8B0500FB6181 /* SecretKey.swift in Sources */ = {isa = PBXBuildFile; fileRef = 9412203A273B8B0500FB6181 /* SecretKey.swift */; };
/* End PBXBuildFile section */

/* Begin PBXContainerItemProxy section */
		94122017273B85F800FB6181 /* PBXContainerItemProxy */ = {
			isa = PBXContainerItemProxy;
			containerPortal = 94121FF8273B85F600FB6181 /* Project object */;
			proxyType = 1;
			remoteGlobalIDString = 94121FFF273B85F600FB6181;
			remoteInfo = MovieDB;
		};
		94122021273B85F800FB6181 /* PBXContainerItemProxy */ = {
			isa = PBXContainerItemProxy;
			containerPortal = 94121FF8273B85F600FB6181 /* Project object */;
			proxyType = 1;
			remoteGlobalIDString = 94121FFF273B85F600FB6181;
			remoteInfo = MovieDB;
		};
/* End PBXContainerItemProxy section */

/* Begin PBXFileReference section */
		94122000273B85F600FB6181 /* MovieDB.app */ = {isa = PBXFileReference; explicitFileType = wrapper.application; includeInIndex = 0; path = MovieDB.app; sourceTree = BUILT_PRODUCTS_DIR; };
		94122003273B85F600FB6181 /* AppDelegate.swift */ = {isa = PBXFileReference; lastKnownFileType = sourcecode.swift; path = AppDelegate.swift; sourceTree = "<group>"; };
		94122005273B85F600FB6181 /* SceneDelegate.swift */ = {isa = PBXFileReference; lastKnownFileType = sourcecode.swift; path = SceneDelegate.swift; sourceTree = "<group>"; };
		94122007273B85F600FB6181 /* ViewController.swift */ = {isa = PBXFileReference; lastKnownFileType = sourcecode.swift; path = ViewController.swift; sourceTree = "<group>"; };
		9412200A273B85F600FB6181 /* Base */ = {isa = PBXFileReference; lastKnownFileType = file.storyboard; name = Base; path = Base.lproj/Main.storyboard; sourceTree = "<group>"; };
		9412200C273B85F800FB6181 /* Assets.xcassets */ = {isa = PBXFileReference; lastKnownFileType = folder.assetcatalog; path = Assets.xcassets; sourceTree = "<group>"; };
		9412200F273B85F800FB6181 /* Base */ = {isa = PBXFileReference; lastKnownFileType = file.storyboard; name = Base; path = Base.lproj/LaunchScreen.storyboard; sourceTree = "<group>"; };
		94122011273B85F800FB6181 /* Info.plist */ = {isa = PBXFileReference; lastKnownFileType = text.plist.xml; path = Info.plist; sourceTree = "<group>"; };
		94122016273B85F800FB6181 /* MovieDBTests.xctest */ = {isa = PBXFileReference; explicitFileType = wrapper.cfbundle; includeInIndex = 0; path = MovieDBTests.xctest; sourceTree = BUILT_PRODUCTS_DIR; };
		9412201A273B85F800FB6181 /* MovieDBTests.swift */ = {isa = PBXFileReference; lastKnownFileType = sourcecode.swift; path = MovieDBTests.swift; sourceTree = "<group>"; };
		94122020273B85F800FB6181 /* MovieDBUITests.xctest */ = {isa = PBXFileReference; explicitFileType = wrapper.cfbundle; includeInIndex = 0; path = MovieDBUITests.xctest; sourceTree = BUILT_PRODUCTS_DIR; };
		94122024273B85F800FB6181 /* MovieDBUITests.swift */ = {isa = PBXFileReference; lastKnownFileType = sourcecode.swift; path = MovieDBUITests.swift; sourceTree = "<group>"; };
		94122026273B85F800FB6181 /* MovieDBUITestsLaunchTests.swift */ = {isa = PBXFileReference; lastKnownFileType = sourcecode.swift; path = MovieDBUITestsLaunchTests.swift; sourceTree = "<group>"; };
		94122035273B871300FB6181 /* AppError.swift */ = {isa = PBXFileReference; lastKnownFileType = sourcecode.swift; path = AppError.swift; sourceTree = "<group>"; };
		94122037273B87B300FB6181 /* NetworkHelper.swift */ = {isa = PBXFileReference; lastKnownFileType = sourcecode.swift; path = NetworkHelper.swift; sourceTree = "<group>"; };
		9412203A273B8B0500FB6181 /* SecretKey.swift */ = {isa = PBXFileReference; lastKnownFileType = sourcecode.swift; path = SecretKey.swift; sourceTree = "<group>"; };
/* End PBXFileReference section */

/* Begin PBXFrameworksBuildPhase section */
		94121FFD273B85F600FB6181 /* Frameworks */ = {
			isa = PBXFrameworksBuildPhase;
			buildActionMask = 2147483647;
			files = (
			);
			runOnlyForDeploymentPostprocessing = 0;
		};
		94122013273B85F800FB6181 /* Frameworks */ = {
			isa = PBXFrameworksBuildPhase;
			buildActionMask = 2147483647;
			files = (
			);
			runOnlyForDeploymentPostprocessing = 0;
		};
		9412201D273B85F800FB6181 /* Frameworks */ = {
			isa = PBXFrameworksBuildPhase;
			buildActionMask = 2147483647;
			files = (
			);
			runOnlyForDeploymentPostprocessing = 0;
		};
/* End PBXFrameworksBuildPhase section */

/* Begin PBXGroup section */
		94121FF7273B85F600FB6181 = {
			isa = PBXGroup;
			children = (
				94122002273B85F600FB6181 /* MovieDB */,
				94122019273B85F800FB6181 /* MovieDBTests */,
				94122023273B85F800FB6181 /* MovieDBUITests */,
				94122001273B85F600FB6181 /* Products */,
			);
			sourceTree = "<group>";
		};
		94122001273B85F600FB6181 /* Products */ = {
			isa = PBXGroup;
			children = (
				94122000273B85F600FB6181 /* MovieDB.app */,
				94122016273B85F800FB6181 /* MovieDBTests.xctest */,
				94122020273B85F800FB6181 /* MovieDBUITests.xctest */,
			);
			name = Products;
			sourceTree = "<group>";
		};
		94122002273B85F600FB6181 /* MovieDB */ = {
			isa = PBXGroup;
			children = (
				9412203C273B8CDB00FB6181 /* Views */,
				94122039273B8AF500FB6181 /* Secrets */,
				94122033273B870000FB6181 /* Network */,
				94122003273B85F600FB6181 /* AppDelegate.swift */,
				94122005273B85F600FB6181 /* SceneDelegate.swift */,
				94122009273B85F600FB6181 /* Main.storyboard */,
				9412200C273B85F800FB6181 /* Assets.xcassets */,
				9412200E273B85F800FB6181 /* LaunchScreen.storyboard */,
				94122011273B85F800FB6181 /* Info.plist */,
			);
			path = MovieDB;
			sourceTree = "<group>";
		};
		94122019273B85F800FB6181 /* MovieDBTests */ = {
			isa = PBXGroup;
			children = (
				9412201A273B85F800FB6181 /* MovieDBTests.swift */,
			);
			path = MovieDBTests;
			sourceTree = "<group>";
		};
		94122023273B85F800FB6181 /* MovieDBUITests */ = {
			isa = PBXGroup;
			children = (
				94122024273B85F800FB6181 /* MovieDBUITests.swift */,
				94122026273B85F800FB6181 /* MovieDBUITestsLaunchTests.swift */,
			);
			path = MovieDBUITests;
			sourceTree = "<group>";
		};
		94122033273B870000FB6181 /* Network */ = {
			isa = PBXGroup;
			children = (
				94122035273B871300FB6181 /* AppError.swift */,
				94122037273B87B300FB6181 /* NetworkHelper.swift */,
			);
			path = Network;
			sourceTree = "<group>";
		};
		94122039273B8AF500FB6181 /* Secrets */ = {
			isa = PBXGroup;
			children = (
				9412203A273B8B0500FB6181 /* SecretKey.swift */,
			);
			path = Secrets;
			sourceTree = "<group>";
		};
		9412203C273B8CDB00FB6181 /* Views */ = {
			isa = PBXGroup;
			children = (
				94122007273B85F600FB6181 /* ViewController.swift */,
			);
			path = Views;
			sourceTree = "<group>";
		};
/* End PBXGroup section */

/* Begin PBXNativeTarget section */
		94121FFF273B85F600FB6181 /* MovieDB */ = {
			isa = PBXNativeTarget;
			buildConfigurationList = 9412202A273B85F800FB6181 /* Build configuration list for PBXNativeTarget "MovieDB" */;
			buildPhases = (
				94121FFC273B85F600FB6181 /* Sources */,
				94121FFD273B85F600FB6181 /* Frameworks */,
				94121FFE273B85F600FB6181 /* Resources */,
			);
			buildRules = (
			);
			dependencies = (
			);
			name = MovieDB;
			productName = MovieDB;
			productReference = 94122000273B85F600FB6181 /* MovieDB.app */;
			productType = "com.apple.product-type.application";
		};
		94122015273B85F800FB6181 /* MovieDBTests */ = {
			isa = PBXNativeTarget;
			buildConfigurationList = 9412202D273B85F800FB6181 /* Build configuration list for PBXNativeTarget "MovieDBTests" */;
			buildPhases = (
				94122012273B85F800FB6181 /* Sources */,
				94122013273B85F800FB6181 /* Frameworks */,
				94122014273B85F800FB6181 /* Resources */,
			);
			buildRules = (
			);
			dependencies = (
				94122018273B85F800FB6181 /* PBXTargetDependency */,
			);
			name = MovieDBTests;
			productName = MovieDBTests;
			productReference = 94122016273B85F800FB6181 /* MovieDBTests.xctest */;
			productType = "com.apple.product-type.bundle.unit-test";
		};
		9412201F273B85F800FB6181 /* MovieDBUITests */ = {
			isa = PBXNativeTarget;
			buildConfigurationList = 94122030273B85F800FB6181 /* Build configuration list for PBXNativeTarget "MovieDBUITests" */;
			buildPhases = (
				9412201C273B85F800FB6181 /* Sources */,
				9412201D273B85F800FB6181 /* Frameworks */,
				9412201E273B85F800FB6181 /* Resources */,
			);
			buildRules = (
			);
			dependencies = (
				94122022273B85F800FB6181 /* PBXTargetDependency */,
			);
			name = MovieDBUITests;
			productName = MovieDBUITests;
			productReference = 94122020273B85F800FB6181 /* MovieDBUITests.xctest */;
			productType = "com.apple.product-type.bundle.ui-testing";
		};
/* End PBXNativeTarget section */

/* Begin PBXProject section */
		94121FF8273B85F600FB6181 /* Project object */ = {
			isa = PBXProject;
			attributes = {
				BuildIndependentTargetsInParallel = 1;
				LastSwiftUpdateCheck = 1310;
				LastUpgradeCheck = 1310;
				TargetAttributes = {
					94121FFF273B85F600FB6181 = {
						CreatedOnToolsVersion = 13.1;
					};
					94122015273B85F800FB6181 = {
						CreatedOnToolsVersion = 13.1;
						TestTargetID = 94121FFF273B85F600FB6181;
					};
					9412201F273B85F800FB6181 = {
						CreatedOnToolsVersion = 13.1;
						TestTargetID = 94121FFF273B85F600FB6181;
					};
				};
			};
			buildConfigurationList = 94121FFB273B85F600FB6181 /* Build configuration list for PBXProject "MovieDB" */;
			compatibilityVersion = "Xcode 13.0";
			developmentRegion = en;
			hasScannedForEncodings = 0;
			knownRegions = (
				en,
				Base,
			);
			mainGroup = 94121FF7273B85F600FB6181;
			productRefGroup = 94122001273B85F600FB6181 /* Products */;
			projectDirPath = "";
			projectRoot = "";
			targets = (
				94121FFF273B85F600FB6181 /* MovieDB */,
				94122015273B85F800FB6181 /* MovieDBTests */,
				9412201F273B85F800FB6181 /* MovieDBUITests */,
			);
		};
/* End PBXProject section */

/* Begin PBXResourcesBuildPhase section */
		94121FFE273B85F600FB6181 /* Resources */ = {
			isa = PBXResourcesBuildPhase;
			buildActionMask = 2147483647;
			files = (
				94122010273B85F800FB6181 /* LaunchScreen.storyboard in Resources */,
				9412200D273B85F800FB6181 /* Assets.xcassets in Resources */,
				9412200B273B85F600FB6181 /* Main.storyboard in Resources */,
			);
			runOnlyForDeploymentPostprocessing = 0;
		};
		94122014273B85F800FB6181 /* Resources */ = {
			isa = PBXResourcesBuildPhase;
			buildActionMask = 2147483647;
			files = (
			);
			runOnlyForDeploymentPostprocessing = 0;
		};
		9412201E273B85F800FB6181 /* Resources */ = {
			isa = PBXResourcesBuildPhase;
			buildActionMask = 2147483647;
			files = (
			);
			runOnlyForDeploymentPostprocessing = 0;
		};
/* End PBXResourcesBuildPhase section */

/* Begin PBXSourcesBuildPhase section */
		94121FFC273B85F600FB6181 /* Sources */ = {
			isa = PBXSourcesBuildPhase;
			buildActionMask = 2147483647;
			files = (
				94122036273B871300FB6181 /* AppError.swift in Sources */,
				9412203B273B8B0500FB6181 /* SecretKey.swift in Sources */,
				94122008273B85F600FB6181 /* ViewController.swift in Sources */,
				94122038273B87B300FB6181 /* NetworkHelper.swift in Sources */,
				94122004273B85F600FB6181 /* AppDelegate.swift in Sources */,
				94122006273B85F600FB6181 /* SceneDelegate.swift in Sources */,
			);
			runOnlyForDeploymentPostprocessing = 0;
		};
		94122012273B85F800FB6181 /* Sources */ = {
			isa = PBXSourcesBuildPhase;
			buildActionMask = 2147483647;
			files = (
				9412201B273B85F800FB6181 /* MovieDBTests.swift in Sources */,
			);
			runOnlyForDeploymentPostprocessing = 0;
		};
		9412201C273B85F800FB6181 /* Sources */ = {
			isa = PBXSourcesBuildPhase;
			buildActionMask = 2147483647;
			files = (
				94122025273B85F800FB6181 /* MovieDBUITests.swift in Sources */,
				94122027273B85F800FB6181 /* MovieDBUITestsLaunchTests.swift in Sources */,
			);
			runOnlyForDeploymentPostprocessing = 0;
		};
/* End PBXSourcesBuildPhase section */

/* Begin PBXTargetDependency section */
		94122018273B85F800FB6181 /* PBXTargetDependency */ = {
			isa = PBXTargetDependency;
			target = 94121FFF273B85F600FB6181 /* MovieDB */;
			targetProxy = 94122017273B85F800FB6181 /* PBXContainerItemProxy */;
		};
		94122022273B85F800FB6181 /* PBXTargetDependency */ = {
			isa = PBXTargetDependency;
			target = 94121FFF273B85F600FB6181 /* MovieDB */;
			targetProxy = 94122021273B85F800FB6181 /* PBXContainerItemProxy */;
		};
/* End PBXTargetDependency section */

/* Begin PBXVariantGroup section */
		94122009273B85F600FB6181 /* Main.storyboard */ = {
			isa = PBXVariantGroup;
			children = (
				9412200A273B85F600FB6181 /* Base */,
			);
			name = Main.storyboard;
			sourceTree = "<group>";
		};
		9412200E273B85F800FB6181 /* LaunchScreen.storyboard */ = {
			isa = PBXVariantGroup;
			children = (
				9412200F273B85F800FB6181 /* Base */,
			);
			name = LaunchScreen.storyboard;
			sourceTree = "<group>";
		};
/* End PBXVariantGroup section */

/* Begin XCBuildConfiguration section */
		94122028273B85F800FB6181 /* Debug */ = {
			isa = XCBuildConfiguration;
			buildSettings = {
				ALWAYS_SEARCH_USER_PATHS = NO;
				CLANG_ANALYZER_NONNULL = YES;
				CLANG_ANALYZER_NUMBER_OBJECT_CONVERSION = YES_AGGRESSIVE;
				CLANG_CXX_LANGUAGE_STANDARD = "gnu++17";
				CLANG_CXX_LIBRARY = "libc++";
				CLANG_ENABLE_MODULES = YES;
				CLANG_ENABLE_OBJC_ARC = YES;
				CLANG_ENABLE_OBJC_WEAK = YES;
				CLANG_WARN_BLOCK_CAPTURE_AUTORELEASING = YES;
				CLANG_WARN_BOOL_CONVERSION = YES;
				CLANG_WARN_COMMA = YES;
				CLANG_WARN_CONSTANT_CONVERSION = YES;
				CLANG_WARN_DEPRECATED_OBJC_IMPLEMENTATIONS = YES;
				CLANG_WARN_DIRECT_OBJC_ISA_USAGE = YES_ERROR;
				CLANG_WARN_DOCUMENTATION_COMMENTS = YES;
				CLANG_WARN_EMPTY_BODY = YES;
				CLANG_WARN_ENUM_CONVERSION = YES;
				CLANG_WARN_INFINITE_RECURSION = YES;
				CLANG_WARN_INT_CONVERSION = YES;
				CLANG_WARN_NON_LITERAL_NULL_CONVERSION = YES;
				CLANG_WARN_OBJC_IMPLICIT_RETAIN_SELF = YES;
				CLANG_WARN_OBJC_LITERAL_CONVERSION = YES;
				CLANG_WARN_OBJC_ROOT_CLASS = YES_ERROR;
				CLANG_WARN_QUOTED_INCLUDE_IN_FRAMEWORK_HEADER = YES;
				CLANG_WARN_RANGE_LOOP_ANALYSIS = YES;
				CLANG_WARN_STRICT_PROTOTYPES = YES;
				CLANG_WARN_SUSPICIOUS_MOVE = YES;
				CLANG_WARN_UNGUARDED_AVAILABILITY = YES_AGGRESSIVE;
				CLANG_WARN_UNREACHABLE_CODE = YES;
				CLANG_WARN__DUPLICATE_METHOD_MATCH = YES;
				COPY_PHASE_STRIP = NO;
				DEBUG_INFORMATION_FORMAT = dwarf;
				ENABLE_STRICT_OBJC_MSGSEND = YES;
				ENABLE_TESTABILITY = YES;
				GCC_C_LANGUAGE_STANDARD = gnu11;
				GCC_DYNAMIC_NO_PIC = NO;
				GCC_NO_COMMON_BLOCKS = YES;
				GCC_OPTIMIZATION_LEVEL = 0;
				GCC_PREPROCESSOR_DEFINITIONS = (
					"DEBUG=1",
					"$(inherited)",
				);
				GCC_WARN_64_TO_32_BIT_CONVERSION = YES;
				GCC_WARN_ABOUT_RETURN_TYPE = YES_ERROR;
				GCC_WARN_UNDECLARED_SELECTOR = YES;
				GCC_WARN_UNINITIALIZED_AUTOS = YES_AGGRESSIVE;
				GCC_WARN_UNUSED_FUNCTION = YES;
				GCC_WARN_UNUSED_VARIABLE = YES;
				IPHONEOS_DEPLOYMENT_TARGET = 15.0;
				MTL_ENABLE_DEBUG_INFO = INCLUDE_SOURCE;
				MTL_FAST_MATH = YES;
				ONLY_ACTIVE_ARCH = YES;
				SDKROOT = iphoneos;
				SWIFT_ACTIVE_COMPILATION_CONDITIONS = DEBUG;
				SWIFT_OPTIMIZATION_LEVEL = "-Onone";
			};
			name = Debug;
		};
		94122029273B85F800FB6181 /* Release */ = {
			isa = XCBuildConfiguration;
			buildSettings = {
				ALWAYS_SEARCH_USER_PATHS = NO;
				CLANG_ANALYZER_NONNULL = YES;
				CLANG_ANALYZER_NUMBER_OBJECT_CONVERSION = YES_AGGRESSIVE;
				CLANG_CXX_LANGUAGE_STANDARD = "gnu++17";
				CLANG_CXX_LIBRARY = "libc++";
				CLANG_ENABLE_MODULES = YES;
				CLANG_ENABLE_OBJC_ARC = YES;
				CLANG_ENABLE_OBJC_WEAK = YES;
				CLANG_WARN_BLOCK_CAPTURE_AUTORELEASING = YES;
				CLANG_WARN_BOOL_CONVERSION = YES;
				CLANG_WARN_COMMA = YES;
				CLANG_WARN_CONSTANT_CONVERSION = YES;
				CLANG_WARN_DEPRECATED_OBJC_IMPLEMENTATIONS = YES;
				CLANG_WARN_DIRECT_OBJC_ISA_USAGE = YES_ERROR;
				CLANG_WARN_DOCUMENTATION_COMMENTS = YES;
				CLANG_WARN_EMPTY_BODY = YES;
				CLANG_WARN_ENUM_CONVERSION = YES;
				CLANG_WARN_INFINITE_RECURSION = YES;
				CLANG_WARN_INT_CONVERSION = YES;
				CLANG_WARN_NON_LITERAL_NULL_CONVERSION = YES;
				CLANG_WARN_OBJC_IMPLICIT_RETAIN_SELF = YES;
				CLANG_WARN_OBJC_LITERAL_CONVERSION = YES;
				CLANG_WARN_OBJC_ROOT_CLASS = YES_ERROR;
				CLANG_WARN_QUOTED_INCLUDE_IN_FRAMEWORK_HEADER = YES;
				CLANG_WARN_RANGE_LOOP_ANALYSIS = YES;
				CLANG_WARN_STRICT_PROTOTYPES = YES;
				CLANG_WARN_SUSPICIOUS_MOVE = YES;
				CLANG_WARN_UNGUARDED_AVAILABILITY = YES_AGGRESSIVE;
				CLANG_WARN_UNREACHABLE_CODE = YES;
				CLANG_WARN__DUPLICATE_METHOD_MATCH = YES;
				COPY_PHASE_STRIP = NO;
				DEBUG_INFORMATION_FORMAT = "dwarf-with-dsym";
				ENABLE_NS_ASSERTIONS = NO;
				ENABLE_STRICT_OBJC_MSGSEND = YES;
				GCC_C_LANGUAGE_STANDARD = gnu11;
				GCC_NO_COMMON_BLOCKS = YES;
				GCC_WARN_64_TO_32_BIT_CONVERSION = YES;
				GCC_WARN_ABOUT_RETURN_TYPE = YES_ERROR;
				GCC_WARN_UNDECLARED_SELECTOR = YES;
				GCC_WARN_UNINITIALIZED_AUTOS = YES_AGGRESSIVE;
				GCC_WARN_UNUSED_FUNCTION = YES;
				GCC_WARN_UNUSED_VARIABLE = YES;
				IPHONEOS_DEPLOYMENT_TARGET = 15.0;
				MTL_ENABLE_DEBUG_INFO = NO;
				MTL_FAST_MATH = YES;
				SDKROOT = iphoneos;
				SWIFT_COMPILATION_MODE = wholemodule;
				SWIFT_OPTIMIZATION_LEVEL = "-O";
				VALIDATE_PRODUCT = YES;
			};
			name = Release;
		};
		9412202B273B85F800FB6181 /* Debug */ = {
			isa = XCBuildConfiguration;
			buildSettings = {
				ASSETCATALOG_COMPILER_APPICON_NAME = AppIcon;
				ASSETCATALOG_COMPILER_GLOBAL_ACCENT_COLOR_NAME = AccentColor;
				CODE_SIGN_STYLE = Automatic;
				CURRENT_PROJECT_VERSION = 1;
				DEVELOPMENT_TEAM = Z4V4D6Q5VP;
				GENERATE_INFOPLIST_FILE = YES;
				INFOPLIST_FILE = MovieDB/Info.plist;
				INFOPLIST_KEY_UIApplicationSupportsIndirectInputEvents = YES;
				INFOPLIST_KEY_UILaunchStoryboardName = LaunchScreen;
				INFOPLIST_KEY_UIMainStoryboardFile = Main;
				INFOPLIST_KEY_UISupportedInterfaceOrientations_iPad = "UIInterfaceOrientationPortrait UIInterfaceOrientationPortraitUpsideDown UIInterfaceOrientationLandscapeLeft UIInterfaceOrientationLandscapeRight";
				INFOPLIST_KEY_UISupportedInterfaceOrientations_iPhone = "UIInterfaceOrientationPortrait UIInterfaceOrientationLandscapeLeft UIInterfaceOrientationLandscapeRight";
				LD_RUNPATH_SEARCH_PATHS = (
					"$(inherited)",
					"@executable_path/Frameworks",
				);
				MARKETING_VERSION = 1.0;
				PRODUCT_BUNDLE_IDENTIFIER = "chakanezshegog-gmail.com.MovieDB";
				PRODUCT_NAME = "$(TARGET_NAME)";
				SWIFT_EMIT_LOC_STRINGS = YES;
				SWIFT_VERSION = 5.0;
				TARGETED_DEVICE_FAMILY = "1,2";
			};
			name = Debug;
		};
		9412202C273B85F800FB6181 /* Release */ = {
			isa = XCBuildConfiguration;
			buildSettings = {
				ASSETCATALOG_COMPILER_APPICON_NAME = AppIcon;
				ASSETCATALOG_COMPILER_GLOBAL_ACCENT_COLOR_NAME = AccentColor;
				CODE_SIGN_STYLE = Automatic;
				CURRENT_PROJECT_VERSION = 1;
				DEVELOPMENT_TEAM = Z4V4D6Q5VP;
				GENERATE_INFOPLIST_FILE = YES;
				INFOPLIST_FILE = MovieDB/Info.plist;
				INFOPLIST_KEY_UIApplicationSupportsIndirectInputEvents = YES;
				INFOPLIST_KEY_UILaunchStoryboardName = LaunchScreen;
				INFOPLIST_KEY_UIMainStoryboardFile = Main;
				INFOPLIST_KEY_UISupportedInterfaceOrientations_iPad = "UIInterfaceOrientationPortrait UIInterfaceOrientationPortraitUpsideDown UIInterfaceOrientationLandscapeLeft UIInterfaceOrientationLandscapeRight";
				INFOPLIST_KEY_UISupportedInterfaceOrientations_iPhone = "UIInterfaceOrientationPortrait UIInterfaceOrientationLandscapeLeft UIInterfaceOrientationLandscapeRight";
				LD_RUNPATH_SEARCH_PATHS = (
					"$(inherited)",
					"@executable_path/Frameworks",
				);
				MARKETING_VERSION = 1.0;
				PRODUCT_BUNDLE_IDENTIFIER = "chakanezshegog-gmail.com.MovieDB";
				PRODUCT_NAME = "$(TARGET_NAME)";
				SWIFT_EMIT_LOC_STRINGS = YES;
				SWIFT_VERSION = 5.0;
				TARGETED_DEVICE_FAMILY = "1,2";
			};
			name = Release;
		};
		9412202E273B85F800FB6181 /* Debug */ = {
			isa = XCBuildConfiguration;
			buildSettings = {
				ALWAYS_EMBED_SWIFT_STANDARD_LIBRARIES = YES;
				BUNDLE_LOADER = "$(TEST_HOST)";
				CODE_SIGN_STYLE = Automatic;
				CURRENT_PROJECT_VERSION = 1;
				DEVELOPMENT_TEAM = Z4V4D6Q5VP;
				GENERATE_INFOPLIST_FILE = YES;
				IPHONEOS_DEPLOYMENT_TARGET = 15.0;
				LD_RUNPATH_SEARCH_PATHS = (
					"$(inherited)",
					"@executable_path/Frameworks",
					"@loader_path/Frameworks",
				);
				MARKETING_VERSION = 1.0;
				PRODUCT_BUNDLE_IDENTIFIER = "chakanezshegog-gmail.com.MovieDBTests";
				PRODUCT_NAME = "$(TARGET_NAME)";
				SWIFT_EMIT_LOC_STRINGS = NO;
				SWIFT_VERSION = 5.0;
				TARGETED_DEVICE_FAMILY = "1,2";
				TEST_HOST = "$(BUILT_PRODUCTS_DIR)/MovieDB.app/MovieDB";
			};
			name = Debug;
		};
		9412202F273B85F800FB6181 /* Release */ = {
			isa = XCBuildConfiguration;
			buildSettings = {
				ALWAYS_EMBED_SWIFT_STANDARD_LIBRARIES = YES;
				BUNDLE_LOADER = "$(TEST_HOST)";
				CODE_SIGN_STYLE = Automatic;
				CURRENT_PROJECT_VERSION = 1;
				DEVELOPMENT_TEAM = Z4V4D6Q5VP;
				GENERATE_INFOPLIST_FILE = YES;
				IPHONEOS_DEPLOYMENT_TARGET = 15.0;
				LD_RUNPATH_SEARCH_PATHS = (
					"$(inherited)",
					"@executable_path/Frameworks",
					"@loader_path/Frameworks",
				);
				MARKETING_VERSION = 1.0;
				PRODUCT_BUNDLE_IDENTIFIER = "chakanezshegog-gmail.com.MovieDBTests";
				PRODUCT_NAME = "$(TARGET_NAME)";
				SWIFT_EMIT_LOC_STRINGS = NO;
				SWIFT_VERSION = 5.0;
				TARGETED_DEVICE_FAMILY = "1,2";
				TEST_HOST = "$(BUILT_PRODUCTS_DIR)/MovieDB.app/MovieDB";
			};
			name = Release;
		};
		94122031273B85F800FB6181 /* Debug */ = {
			isa = XCBuildConfiguration;
			buildSettings = {
				ALWAYS_EMBED_SWIFT_STANDARD_LIBRARIES = YES;
				CODE_SIGN_STYLE = Automatic;
				CURRENT_PROJECT_VERSION = 1;
				DEVELOPMENT_TEAM = Z4V4D6Q5VP;
				GENERATE_INFOPLIST_FILE = YES;
				LD_RUNPATH_SEARCH_PATHS = (
					"$(inherited)",
					"@executable_path/Frameworks",
					"@loader_path/Frameworks",
				);
				MARKETING_VERSION = 1.0;
				PRODUCT_BUNDLE_IDENTIFIER = "chakanezshegog-gmail.com.MovieDBUITests";
				PRODUCT_NAME = "$(TARGET_NAME)";
				SWIFT_EMIT_LOC_STRINGS = NO;
				SWIFT_VERSION = 5.0;
				TARGETED_DEVICE_FAMILY = "1,2";
				TEST_TARGET_NAME = MovieDB;
			};
			name = Debug;
		};
		94122032273B85F800FB6181 /* Release */ = {
			isa = XCBuildConfiguration;
			buildSettings = {
				ALWAYS_EMBED_SWIFT_STANDARD_LIBRARIES = YES;
				CODE_SIGN_STYLE = Automatic;
				CURRENT_PROJECT_VERSION = 1;
				DEVELOPMENT_TEAM = Z4V4D6Q5VP;
				GENERATE_INFOPLIST_FILE = YES;
				LD_RUNPATH_SEARCH_PATHS = (
					"$(inherited)",
					"@executable_path/Frameworks",
					"@loader_path/Frameworks",
				);
				MARKETING_VERSION = 1.0;
				PRODUCT_BUNDLE_IDENTIFIER = "chakanezshegog-gmail.com.MovieDBUITests";
				PRODUCT_NAME = "$(TARGET_NAME)";
				SWIFT_EMIT_LOC_STRINGS = NO;
				SWIFT_VERSION = 5.0;
				TARGETED_DEVICE_FAMILY = "1,2";
				TEST_TARGET_NAME = MovieDB;
			};
			name = Release;
		};
/* End XCBuildConfiguration section */

/* Begin XCConfigurationList section */
		94121FFB273B85F600FB6181 /* Build configuration list for PBXProject "MovieDB" */ = {
			isa = XCConfigurationList;
			buildConfigurations = (
				94122028273B85F800FB6181 /* Debug */,
				94122029273B85F800FB6181 /* Release */,
			);
			defaultConfigurationIsVisible = 0;
			defaultConfigurationName = Release;
		};
		9412202A273B85F800FB6181 /* Build configuration list for PBXNativeTarget "MovieDB" */ = {
			isa = XCConfigurationList;
			buildConfigurations = (
				9412202B273B85F800FB6181 /* Debug */,
				9412202C273B85F800FB6181 /* Release */,
			);
			defaultConfigurationIsVisible = 0;
			defaultConfigurationName = Release;
		};
		9412202D273B85F800FB6181 /* Build configuration list for PBXNativeTarget "MovieDBTests" */ = {
			isa = XCConfigurationList;
			buildConfigurations = (
				9412202E273B85F800FB6181 /* Debug */,
				9412202F273B85F800FB6181 /* Release */,
			);
			defaultConfigurationIsVisible = 0;
			defaultConfigurationName = Release;
		};
		94122030273B85F800FB6181 /* Build configuration list for PBXNativeTarget "MovieDBUITests" */ = {
			isa = XCConfigurationList;
			buildConfigurations = (
				94122031273B85F800FB6181 /* Debug */,
				94122032273B85F800FB6181 /* Release */,
			);
			defaultConfigurationIsVisible = 0;
			defaultConfigurationName = Release;
		};
/* End XCConfigurationList section */
	};
	rootObject = 94121FF8273B85F600FB6181 /* Project object */;
}
